
Microsoft Visual Studio Solution File, Format Version 12.00
# Visual Studio Version 17
VisualStudioVersion = 17.13.35806.99 d17.13
MinimumVisualStudioVersion = 10.0.40219.1
Project("{FAE04EC0-301F-11D3-BF4B-00C04F79EFBC}") = "ConsoleAppPIS", "ConsoleAppPIS\ConsoleAppPIS.csproj", "{39996B89-6465-4C30-A9E7-135DD0BD1FBE}"
EndProject
Global
	GlobalSection(SolutionConfigurationPlatforms) = preSolution
		Debug|Any CPU = Debug|Any CPU
		Release|Any CPU = Release|Any CPU
	EndGlobalSection
	GlobalSection(ProjectConfigurationPlatforms) = postSolution
		{39996B89-6465-4C30-A9E7-135DD0BD1FBE}.Debug|Any CPU.ActiveCfg = Debug|Any CPU
		{39996B89-6465-4C30-A9E7-135DD0BD1FBE}.Debug|Any CPU.Build.0 = Debug|Any CPU
		{39996B89-6465-4C30-A9E7-135DD0BD1FBE}.Release|Any CPU.ActiveCfg = Release|Any CPU
		{39996B89-6465-4C30-A9E7-135DD0BD1FBE}.Release|Any CPU.Build.0 = Release|Any CPU
	EndGlobalSection
	GlobalSection(SolutionProperties) = preSolution
		HideSolutionNode = FALSE
	EndGlobalSection
	GlobalSection(ExtensibilityGlobals) = postSolution
		SolutionGuid = {CD07169D-31FB-4180-A73B-19C323CDABF9}
	EndGlobalSection
EndGlobal
